{
  "version": 4,
  "terraform_version": "1.4.6",
  "serial": 20,
  "lineage": "81e3d111-626f-bd59-8a7c-f86f7f13dd18",
  "outputs": {},
  "resources": [
    {
      "mode": "managed",
      "type": "azurerm_linux_web_app",
      "name": "webapp",
      "provider": "provider[\"registry.terraform.io/hashicorp/azurerm\"]",
      "instances": [
        {
          "schema_version": 0,
          "attributes": {
            "app_settings": {},
            "auth_settings": [
              {
                "active_directory": [],
                "additional_login_parameters": {},
                "allowed_external_redirect_urls": [],
                "default_provider": "",
                "enabled": false,
                "facebook": [],
                "github": [],
                "google": [],
                "issuer": "",
                "microsoft": [],
                "runtime_version": "",
                "token_refresh_extension_hours": 0,
                "token_store_enabled": false,
                "twitter": [],
                "unauthenticated_client_action": ""
              }
            ],
            "backup": [],
            "client_affinity_enabled": false,
            "client_certificate_enabled": false,
            "client_certificate_mode": "Required",
            "connection_string": [],
            "custom_domain_verification_id": "57B8B1BEEBC2C85985B914A0E054037AA220D85AA56470B8F34427873DC7199B",
            "default_hostname": "temperature-py.azurewebsites.net",
            "enabled": true,
            "https_only": true,
            "id": "/subscriptions/5fd4b96b-5dd1-42c9-92a1-8c794a126d07/resourceGroups/bfb-webapp-rg1/providers/Microsoft.Web/sites/temperature-py",
            "identity": [],
            "key_vault_reference_identity_id": "SystemAssigned",
            "kind": "app,linux",
            "location": "eastus",
            "logs": [],
            "name": "temperature-py",
            "outbound_ip_address_list": [
              "20.246.223.1",
              "20.246.223.10",
              "20.246.223.29",
              "20.246.223.30",
              "20.246.223.59",
              "20.246.223.72",
              "20.253.65.116",
              "20.253.65.121",
              "20.253.65.145",
              "20.253.65.155",
              "20.241.130.12",
              "20.253.65.167",
              "20.119.16.35"
            ],
            "outbound_ip_addresses": "20.246.223.1,20.246.223.10,20.246.223.29,20.246.223.30,20.246.223.59,20.246.223.72,20.253.65.116,20.253.65.121,20.253.65.145,20.253.65.155,20.241.130.12,20.253.65.167,20.119.16.35",
            "possible_outbound_ip_address_list": [
              "20.246.223.1",
              "20.246.223.10",
              "20.246.223.29",
              "20.246.223.30",
              "20.246.223.59",
              "20.246.223.72",
              "20.253.65.116",
              "20.253.65.121",
              "20.253.65.145",
              "20.253.65.155",
              "20.241.130.12",
              "20.253.65.167",
              "20.253.65.175",
              "20.253.65.177",
              "20.253.65.194",
              "20.253.65.213",
              "20.253.65.252",
              "20.253.65.147",
              "20.253.66.3",
              "20.253.66.6",
              "20.253.66.13",
              "20.253.66.44",
              "20.253.66.52",
              "20.253.66.54",
              "20.246.223.1",
              "20.246.223.10",
              "20.246.223.29",
              "20.246.223.30",
              "20.246.223.59",
              "20.246.223.72",
              "20.253.66.69",
              "20.253.66.84",
              "20.253.66.87",
              "20.253.66.88",
              "20.253.66.99",
              "20.253.66.118",
              "20.119.16.35"
            ],
            "possible_outbound_ip_addresses": "20.246.223.1,20.246.223.10,20.246.223.29,20.246.223.30,20.246.223.59,20.246.223.72,20.253.65.116,20.253.65.121,20.253.65.145,20.253.65.155,20.241.130.12,20.253.65.167,20.253.65.175,20.253.65.177,20.253.65.194,20.253.65.213,20.253.65.252,20.253.65.147,20.253.66.3,20.253.66.6,20.253.66.13,20.253.66.44,20.253.66.52,20.253.66.54,20.246.223.1,20.246.223.10,20.246.223.29,20.246.223.30,20.246.223.59,20.246.223.72,20.253.66.69,20.253.66.84,20.253.66.87,20.253.66.88,20.253.66.99,20.253.66.118,20.119.16.35",
            "resource_group_name": "bfb-webapp-rg1",
            "service_plan_id": "/subscriptions/5fd4b96b-5dd1-42c9-92a1-8c794a126d07/resourceGroups/bfb-webapp-rg1/providers/Microsoft.Web/serverfarms/webapp-asp-temperature-py",
            "site_config": [
              {
                "always_on": false,
                "api_definition_url": "",
                "api_management_api_id": "",
                "app_command_line": "",
                "application_stack": [
                  {
                    "docker_image": "",
                    "docker_image_tag": "",
                    "dotnet_version": "",
                    "java_server": "",
                    "java_server_version": "",
                    "java_version": "",
                    "node_version": "",
                    "php_version": "",
                    "python_version": "",
                    "ruby_version": ""
                  }
                ],
                "auto_heal_enabled": false,
                "auto_heal_setting": [],
                "container_registry_managed_identity_client_id": "",
                "container_registry_use_managed_identity": false,
                "cors": [],
                "default_documents": [
                  "Default.htm",
                  "Default.html",
                  "Default.asp",
                  "index.htm",
                  "index.html",
                  "iisstart.htm",
                  "default.aspx",
                  "index.php",
                  "hostingstart.html"
                ],
                "detailed_error_logging_enabled": false,
                "ftps_state": "Disabled",
                "health_check_eviction_time_in_min": 0,
                "health_check_path": "",
                "http2_enabled": false,
                "ip_restriction": [],
                "linux_fx_version": "",
                "load_balancing_mode": "LeastRequests",
                "local_mysql_enabled": false,
                "managed_pipeline_mode": "Integrated",
                "minimum_tls_version": "1.2",
                "remote_debugging_enabled": false,
                "remote_debugging_version": "VS2019",
                "scm_ip_restriction": [],
                "scm_minimum_tls_version": "1.2",
                "scm_type": "None",
                "scm_use_main_ip_restriction": false,
                "use_32_bit_worker": true,
                "vnet_route_all_enabled": false,
                "websockets_enabled": false,
                "worker_count": 1
              }
            ],
            "site_credential": [
              {
                "name": "$temperature-py",
                "password": "b0GRnrafhuzQgGajuC11fAlfkkpsj7QudPyNQe3jRjRagGwD7vy2pZtBEnnv"
              }
            ],
            "storage_account": [],
            "tags": {},
            "timeouts": null
          },
          "sensitive_attributes": [],
          "private": "eyJlMmJmYjczMC1lY2FhLTExZTYtOGY4OC0zNDM2M2JjN2M0YzAiOnsiY3JlYXRlIjoxODAwMDAwMDAwMDAwLCJkZWxldGUiOjE4MDAwMDAwMDAwMDAsInJlYWQiOjMwMDAwMDAwMDAwMCwidXBkYXRlIjoxODAwMDAwMDAwMDAwfX0=",
          "dependencies": [
            "azurerm_resource_group.rg",
            "azurerm_service_plan.appserviceplan"
          ]
        }
      ]
    },
    {
      "mode": "managed",
      "type": "azurerm_resource_group",
      "name": "rg",
      "provider": "provider[\"registry.terraform.io/hashicorp/azurerm\"]",
      "instances": [
        {
          "schema_version": 0,
          "attributes": {
            "id": "/subscriptions/5fd4b96b-5dd1-42c9-92a1-8c794a126d07/resourceGroups/bfb-webapp-rg1",
            "location": "eastus",
            "name": "bfb-webapp-rg1",
            "tags": {},
            "timeouts": null
          },
          "sensitive_attributes": [],
          "private": "eyJlMmJmYjczMC1lY2FhLTExZTYtOGY4OC0zNDM2M2JjN2M0YzAiOnsiY3JlYXRlIjo1NDAwMDAwMDAwMDAwLCJkZWxldGUiOjU0MDAwMDAwMDAwMDAsInJlYWQiOjMwMDAwMDAwMDAwMCwidXBkYXRlIjo1NDAwMDAwMDAwMDAwfX0="
        }
      ]
    },
    {
      "mode": "managed",
      "type": "azurerm_service_plan",
      "name": "appserviceplan",
      "provider": "provider[\"registry.terraform.io/hashicorp/azurerm\"]",
      "instances": [
        {
          "schema_version": 0,
          "attributes": {
            "app_service_environment_id": "",
            "id": "/subscriptions/5fd4b96b-5dd1-42c9-92a1-8c794a126d07/resourceGroups/bfb-webapp-rg1/providers/Microsoft.Web/serverfarms/webapp-asp-temperature-py",
            "kind": "linux",
            "location": "eastus",
            "maximum_elastic_worker_count": 1,
            "name": "webapp-asp-temperature-py",
            "os_type": "Linux",
            "per_site_scaling_enabled": false,
            "reserved": true,
            "resource_group_name": "bfb-webapp-rg1",
            "sku_name": "F1",
            "tags": {},
            "timeouts": null,
            "worker_count": 1
          },
          "sensitive_attributes": [],
          "private": "eyJlMmJmYjczMC1lY2FhLTExZTYtOGY4OC0zNDM2M2JjN2M0YzAiOnsiY3JlYXRlIjozNjAwMDAwMDAwMDAwLCJkZWxldGUiOjM2MDAwMDAwMDAwMDAsInJlYWQiOjMwMDAwMDAwMDAwMCwidXBkYXRlIjozNjAwMDAwMDAwMDAwfX0=",
          "dependencies": [
            "azurerm_resource_group.rg"
          ]
        }
      ]
    }
  ],
  "check_results": null
}
